
Microsoft Visual Studio Solution File, Format Version 12.00
# Visual Studio Version 17
VisualStudioVersion = 17.6.33815.320
MinimumVisualStudioVersion = 10.0.40219.1
Project("{FAE04EC0-301F-11D3-BF4B-00C04F79EFBC}") = "gyak9_3", "gyak9_3\gyak9_3.csproj", "{AB8A7A69-FD96-4BF6-AAA6-63EE507B0995}"
EndProject
Global
	GlobalSection(SolutionConfigurationPlatforms) = preSolution
		Debug|Any CPU = Debug|Any CPU
		Release|Any CPU = Release|Any CPU
	EndGlobalSection
	GlobalSection(ProjectConfigurationPlatforms) = postSolution
		{AB8A7A69-FD96-4BF6-AAA6-63EE507B0995}.Debug|Any CPU.ActiveCfg = Debug|Any CPU
		{AB8A7A69-FD96-4BF6-AAA6-63EE507B0995}.Debug|Any CPU.Build.0 = Debug|Any CPU
		{AB8A7A69-FD96-4BF6-AAA6-63EE507B0995}.Release|Any CPU.ActiveCfg = Release|Any CPU
		{AB8A7A69-FD96-4BF6-AAA6-63EE507B0995}.Release|Any CPU.Build.0 = Release|Any CPU
	EndGlobalSection
	GlobalSection(SolutionProperties) = preSolution
		HideSolutionNode = FALSE
	EndGlobalSection
	GlobalSection(ExtensibilityGlobals) = postSolution
		SolutionGuid = {5CE46DF9-BF3C-450B-AB30-EE4E1EC39155}
	EndGlobalSection
EndGlobal
